// !$*UTF8*$!
{
	archiveVersion = 1;
	classes = {
	};
	objectVersion = 50;
	objects = {

/* Begin PBXBuildFile section */
		FD7060B922D657A500EB7C64 /* AppDelegate.swift in Sources */ = {isa = PBXBuildFile; fileRef = FD7060B822D657A500EB7C64 /* AppDelegate.swift */; };
		FD7060BE22D657A500EB7C64 /* Main.storyboard in Resources */ = {isa = PBXBuildFile; fileRef = FD7060BC22D657A500EB7C64 /* Main.storyboard */; };
		FD7060C022D657A600EB7C64 /* Assets.xcassets in Resources */ = {isa = PBXBuildFile; fileRef = FD7060BF22D657A600EB7C64 /* Assets.xcassets */; };
		FD7060C322D657A600EB7C64 /* LaunchScreen.storyboard in Resources */ = {isa = PBXBuildFile; fileRef = FD7060C122D657A600EB7C64 /* LaunchScreen.storyboard */; };
		FD7060CB22D657B200EB7C64 /* ReverseTableViewController.swift in Sources */ = {isa = PBXBuildFile; fileRef = FD7060CA22D657B200EB7C64 /* ReverseTableViewController.swift */; };
/* End PBXBuildFile section */

/* Begin PBXFileReference section */
		FD7060B522D657A500EB7C64 /* ReverseTableViewAsChatView.app */ = {isa = PBXFileReference; explicitFileType = wrapper.application; includeInIndex = 0; path = ReverseTableViewAsChatView.app; sourceTree = BUILT_PRODUCTS_DIR; };
		FD7060B822D657A500EB7C64 /* AppDelegate.swift */ = {isa = PBXFileReference; lastKnownFileType = sourcecode.swift; path = AppDelegate.swift; sourceTree = "<group>"; };
		FD7060BD22D657A500EB7C64 /* Base */ = {isa = PBXFileReference; lastKnownFileType = file.storyboard; name = Base; path = Base.lproj/Main.storyboard; sourceTree = "<group>"; };
		FD7060BF22D657A600EB7C64 /* Assets.xcassets */ = {isa = PBXFileReference; lastKnownFileType = folder.assetcatalog; path = Assets.xcassets; sourceTree = "<group>"; };
		FD7060C222D657A600EB7C64 /* Base */ = {isa = PBXFileReference; lastKnownFileType = file.storyboard; name = Base; path = Base.lproj/LaunchScreen.storyboard; sourceTree = "<group>"; };
		FD7060C422D657A600EB7C64 /* Info.plist */ = {isa = PBXFileReference; lastKnownFileType = text.plist.xml; path = Info.plist; sourceTree = "<group>"; };
		FD7060CA22D657B200EB7C64 /* ReverseTableViewController.swift */ = {isa = PBXFileReference; fileEncoding = 4; lastKnownFileType = sourcecode.swift; path = ReverseTableViewController.swift; sourceTree = "<group>"; };
/* End PBXFileReference section */

/* Begin PBXFrameworksBuildPhase section */
		FD7060B222D657A500EB7C64 /* Frameworks */ = {
			isa = PBXFrameworksBuildPhase;
			buildActionMask = 2147483647;
			files = (
			);
			runOnlyForDeploymentPostprocessing = 0;
		};
/* End PBXFrameworksBuildPhase section */

/* Begin PBXGroup section */
		FD7060AC22D657A500EB7C64 = {
			isa = PBXGroup;
			children = (
				FD7060B722D657A500EB7C64 /* ReverseTableViewAsChatView */,
				FD7060B622D657A500EB7C64 /* Products */,
			);
			sourceTree = "<group>";
		};
		FD7060B622D657A500EB7C64 /* Products */ = {
			isa = PBXGroup;
			children = (
				FD7060B522D657A500EB7C64 /* ReverseTableViewAsChatView.app */,
			);
			name = Products;
			sourceTree = "<group>";
		};
		FD7060B722D657A500EB7C64 /* ReverseTableViewAsChatView */ = {
			isa = PBXGroup;
			children = (
				FD7060B822D657A500EB7C64 /* AppDelegate.swift */,
				FD7060CA22D657B200EB7C64 /* ReverseTableViewController.swift */,
				FD7060BC22D657A500EB7C64 /* Main.storyboard */,
				FD7060BF22D657A600EB7C64 /* Assets.xcassets */,
				FD7060C122D657A600EB7C64 /* LaunchScreen.storyboard */,
				FD7060C422D657A600EB7C64 /* Info.plist */,
			);
			path = ReverseTableViewAsChatView;
			sourceTree = "<group>";
		};
/* End PBXGroup section */

/* Begin PBXNativeTarget section */
		FD7060B422D657A500EB7C64 /* ReverseTableViewAsChatView */ = {
			isa = PBXNativeTarget;
			buildConfigurationList = FD7060C722D657A600EB7C64 /* Build configuration list for PBXNativeTarget "ReverseTableViewAsChatView" */;
			buildPhases = (
				FD7060B122D657A500EB7C64 /* Sources */,
				FD7060B222D657A500EB7C64 /* Frameworks */,
				FD7060B322D657A500EB7C64 /* Resources */,
			);
			buildRules = (
			);
			dependencies = (
			);
			name = ReverseTableViewAsChatView;
			productName = ReverseTableViewAsChatView;
			productReference = FD7060B522D657A500EB7C64 /* ReverseTableViewAsChatView.app */;
			productType = "com.apple.product-type.application";
		};
/* End PBXNativeTarget section */

/* Begin PBXProject section */
		FD7060AD22D657A500EB7C64 /* Project object */ = {
			isa = PBXProject;
			attributes = {
				LastSwiftUpdateCheck = 1020;
				LastUpgradeCheck = 1020;
				ORGANIZATIONNAME = X901;
				TargetAttributes = {
					FD7060B422D657A500EB7C64 = {
						CreatedOnToolsVersion = 10.2.1;
					};
				};
			};
			buildConfigurationList = FD7060B022D657A500EB7C64 /* Build configuration list for PBXProject "ReverseTableViewAsChatView" */;
			compatibilityVersion = "Xcode 9.3";
			developmentRegion = en;
			hasScannedForEncodings = 0;
			knownRegions = (
				en,
				Base,
			);
			mainGroup = FD7060AC22D657A500EB7C64;
			productRefGroup = FD7060B622D657A500EB7C64 /* Products */;
			projectDirPath = "";
			projectRoot = "";
			targets = (
				FD7060B422D657A500EB7C64 /* ReverseTableViewAsChatView */,
			);
		};
/* End PBXProject section */

/* Begin PBXResourcesBuildPhase section */
		FD7060B322D657A500EB7C64 /* Resources */ = {
			isa = PBXResourcesBuildPhase;
			buildActionMask = 2147483647;
			files = (
				FD7060C322D657A600EB7C64 /* LaunchScreen.storyboard in Resources */,
				FD7060C022D657A600EB7C64 /* Assets.xcassets in Resources */,
				FD7060BE22D657A500EB7C64 /* Main.storyboard in Resources */,
			);
			runOnlyForDeploymentPostprocessing = 0;
		};
/* End PBXResourcesBuildPhase section */

/* Begin PBXSourcesBuildPhase section */
		FD7060B122D657A500EB7C64 /* Sources */ = {
			isa = PBXSourcesBuildPhase;
			buildActionMask = 2147483647;
			files = (
				FD7060CB22D657B200EB7C64 /* ReverseTableViewController.swift in Sources */,
				FD7060B922D657A500EB7C64 /* AppDelegate.swift in Sources */,
			);
			runOnlyForDeploymentPostprocessing = 0;
		};
/* End PBXSourcesBuildPhase section */

/* Begin PBXVariantGroup section */
		FD7060BC22D657A500EB7C64 /* Main.storyboard */ = {
			isa = PBXVariantGroup;
			children = (
				FD7060BD22D657A500EB7C64 /* Base */,
			);
			name = Main.storyboard;
			sourceTree = "<group>";
		};
		FD7060C122D657A600EB7C64 /* LaunchScreen.storyboard */ = {
			isa = PBXVariantGroup;
			children = (
				FD7060C222D657A600EB7C64 /* Base */,
			);
			name = LaunchScreen.storyboard;
			sourceTree = "<group>";
		};
/* End PBXVariantGroup section */

/* Begin XCBuildConfiguration section */
		FD7060C522D657A600EB7C64 /* Debug */ = {
			isa = XCBuildConfiguration;
			buildSettings = {
				ALWAYS_SEARCH_USER_PATHS = NO;
				CLANG_ANALYZER_NONNULL = YES;
				CLANG_ANALYZER_NUMBER_OBJECT_CONVERSION = YES_AGGRESSIVE;
				CLANG_CXX_LANGUAGE_STANDARD = "gnu++14";
				CLANG_CXX_LIBRARY = "libc++";
				CLANG_ENABLE_MODULES = YES;
				CLANG_ENABLE_OBJC_ARC = YES;
				CLANG_ENABLE_OBJC_WEAK = YES;
				CLANG_WARN_BLOCK_CAPTURE_AUTORELEASING = YES;
				CLANG_WARN_BOOL_CONVERSION = YES;
				CLANG_WARN_COMMA = YES;
				CLANG_WARN_CONSTANT_CONVERSION = YES;
				CLANG_WARN_DEPRECATED_OBJC_IMPLEMENTATIONS = YES;
				CLANG_WARN_DIRECT_OBJC_ISA_USAGE = YES_ERROR;
				CLANG_WARN_DOCUMENTATION_COMMENTS = YES;
				CLANG_WARN_EMPTY_BODY = YES;
				CLANG_WARN_ENUM_CONVERSION = YES;
				CLANG_WARN_INFINITE_RECURSION = YES;
				CLANG_WARN_INT_CONVERSION = YES;
				CLANG_WARN_NON_LITERAL_NULL_CONVERSION = YES;
				CLANG_WARN_OBJC_IMPLICIT_RETAIN_SELF = YES;
				CLANG_WARN_OBJC_LITERAL_CONVERSION = YES;
				CLANG_WARN_OBJC_ROOT_CLASS = YES_ERROR;
				CLANG_WARN_RANGE_LOOP_ANALYSIS = YES;
				CLANG_WARN_STRICT_PROTOTYPES = YES;
				CLANG_WARN_SUSPICIOUS_MOVE = YES;
				CLANG_WARN_UNGUARDED_AVAILABILITY = YES_AGGRESSIVE;
				CLANG_WARN_UNREACHABLE_CODE = YES;
				CLANG_WARN__DUPLICATE_METHOD_MATCH = YES;
				CODE_SIGN_IDENTITY = "iPhone Developer";
				COPY_PHASE_STRIP = NO;
				DEBUG_INFORMATION_FORMAT = dwarf;
				ENABLE_STRICT_OBJC_MSGSEND = YES;
				ENABLE_TESTABILITY = YES;
				GCC_C_LANGUAGE_STANDARD = gnu11;
				GCC_DYNAMIC_NO_PIC = NO;
				GCC_NO_COMMON_BLOCKS = YES;
				GCC_OPTIMIZATION_LEVEL = 0;
				GCC_PREPROCESSOR_DEFINITIONS = (
					"DEBUG=1",
					"$(inherited)",
				);
				GCC_WARN_64_TO_32_BIT_CONVERSION = YES;
				GCC_WARN_ABOUT_RETURN_TYPE = YES_ERROR;
				GCC_WARN_UNDECLARED_SELECTOR = YES;
				GCC_WARN_UNINITIALIZED_AUTOS = YES_AGGRESSIVE;
				GCC_WARN_UNUSED_FUNCTION = YES;
				GCC_WARN_UNUSED_VARIABLE = YES;
				IPHONEOS_DEPLOYMENT_TARGET = 12.2;
				MTL_ENABLE_DEBUG_INFO = INCLUDE_SOURCE;
				MTL_FAST_MATH = YES;
				ONLY_ACTIVE_ARCH = YES;
				SDKROOT = iphoneos;
				SWIFT_ACTIVE_COMPILATION_CONDITIONS = DEBUG;
				SWIFT_OPTIMIZATION_LEVEL = "-Onone";
			};
			name = Debug;
		};
		FD7060C622D657A600EB7C64 /* Release */ = {
			isa = XCBuildConfiguration;
			buildSettings = {
				ALWAYS_SEARCH_USER_PATHS = NO;
				CLANG_ANALYZER_NONNULL = YES;
				CLANG_ANALYZER_NUMBER_OBJECT_CONVERSION = YES_AGGRESSIVE;
				CLANG_CXX_LANGUAGE_STANDARD = "gnu++14";
				CLANG_CXX_LIBRARY = "libc++";
				CLANG_ENABLE_MODULES = YES;
				CLANG_ENABLE_OBJC_ARC = YES;
				CLANG_ENABLE_OBJC_WEAK = YES;
				CLANG_WARN_BLOCK_CAPTURE_AUTORELEASING = YES;
				CLANG_WARN_BOOL_CONVERSION = YES;
				CLANG_WARN_COMMA = YES;
				CLANG_WARN_CONSTANT_CONVERSION = YES;
				CLANG_WARN_DEPRECATED_OBJC_IMPLEMENTATIONS = YES;
				CLANG_WARN_DIRECT_OBJC_ISA_USAGE = YES_ERROR;
				CLANG_WARN_DOCUMENTATION_COMMENTS = YES;
				CLANG_WARN_EMPTY_BODY = YES;
				CLANG_WARN_ENUM_CONVERSION = YES;
				CLANG_WARN_INFINITE_RECURSION = YES;
				CLANG_WARN_INT_CONVERSION = YES;
				CLANG_WARN_NON_LITERAL_NULL_CONVERSION = YES;
				CLANG_WARN_OBJC_IMPLICIT_RETAIN_SELF = YES;
				CLANG_WARN_OBJC_LITERAL_CONVERSION = YES;
				CLANG_WARN_OBJC_ROOT_CLASS = YES_ERROR;
				CLANG_WARN_RANGE_LOOP_ANALYSIS = YES;
				CLANG_WARN_STRICT_PROTOTYPES = YES;
				CLANG_WARN_SUSPICIOUS_MOVE = YES;
				CLANG_WARN_UNGUARDED_AVAILABILITY = YES_AGGRESSIVE;
				CLANG_WARN_UNREACHABLE_CODE = YES;
				CLANG_WARN__DUPLICATE_METHOD_MATCH = YES;
				CODE_SIGN_IDENTITY = "iPhone Developer";
				COPY_PHASE_STRIP = NO;
				DEBUG_INFORMATION_FORMAT = "dwarf-with-dsym";
				ENABLE_NS_ASSERTIONS = NO;
				ENABLE_STRICT_OBJC_MSGSEND = YES;
				GCC_C_LANGUAGE_STANDARD = gnu11;
				GCC_NO_COMMON_BLOCKS = YES;
				GCC_WARN_64_TO_32_BIT_CONVERSION = YES;
				GCC_WARN_ABOUT_RETURN_TYPE = YES_ERROR;
				GCC_WARN_UNDECLARED_SELECTOR = YES;
				GCC_WARN_UNINITIALIZED_AUTOS = YES_AGGRESSIVE;
				GCC_WARN_UNUSED_FUNCTION = YES;
				GCC_WARN_UNUSED_VARIABLE = YES;
				IPHONEOS_DEPLOYMENT_TARGET = 12.2;
				MTL_ENABLE_DEBUG_INFO = NO;
				MTL_FAST_MATH = YES;
				SDKROOT = iphoneos;
				SWIFT_COMPILATION_MODE = wholemodule;
				SWIFT_OPTIMIZATION_LEVEL = "-O";
				VALIDATE_PRODUCT = YES;
			};
			name = Release;
		};
		FD7060C822D657A600EB7C64 /* Debug */ = {
			isa = XCBuildConfiguration;
			buildSettings = {
				ASSETCATALOG_COMPILER_APPICON_NAME = AppIcon;
				CODE_SIGN_STYLE = Automatic;
				DEVELOPMENT_TEAM = CP92CMD5E4;
				INFOPLIST_FILE = ReverseTableViewAsChatView/Info.plist;
				LD_RUNPATH_SEARCH_PATHS = (
					"$(inherited)",
					"@executable_path/Frameworks",
				);
				PRODUCT_BUNDLE_IDENTIFIER = com.basil.ReverseTableViewAsChatView;
				PRODUCT_NAME = "$(TARGET_NAME)";
				SWIFT_VERSION = 5.0;
				TARGETED_DEVICE_FAMILY = "1,2";
			};
			name = Debug;
		};
		FD7060C922D657A600EB7C64 /* Release */ = {
			isa = XCBuildConfiguration;
			buildSettings = {
				ASSETCATALOG_COMPILER_APPICON_NAME = AppIcon;
				CODE_SIGN_STYLE = Automatic;
				DEVELOPMENT_TEAM = CP92CMD5E4;
				INFOPLIST_FILE = ReverseTableViewAsChatView/Info.plist;
				LD_RUNPATH_SEARCH_PATHS = (
					"$(inherited)",
					"@executable_path/Frameworks",
				);
				PRODUCT_BUNDLE_IDENTIFIER = com.basil.ReverseTableViewAsChatView;
				PRODUCT_NAME = "$(TARGET_NAME)";
				SWIFT_VERSION = 5.0;
				TARGETED_DEVICE_FAMILY = "1,2";
			};
			name = Release;
		};
/* End XCBuildConfiguration section */

/* Begin XCConfigurationList section */
		FD7060B022D657A500EB7C64 /* Build configuration list for PBXProject "ReverseTableViewAsChatView" */ = {
			isa = XCConfigurationList;
			buildConfigurations = (
				FD7060C522D657A600EB7C64 /* Debug */,
				FD7060C622D657A600EB7C64 /* Release */,
			);
			defaultConfigurationIsVisible = 0;
			defaultConfigurationName = Release;
		};
		FD7060C722D657A600EB7C64 /* Build configuration list for PBXNativeTarget "ReverseTableViewAsChatView" */ = {
			isa = XCConfigurationList;
			buildConfigurations = (
				FD7060C822D657A600EB7C64 /* Debug */,
				FD7060C922D657A600EB7C64 /* Release */,
			);
			defaultConfigurationIsVisible = 0;
			defaultConfigurationName = Release;
		};
/* End XCConfigurationList section */
	};
	rootObject = FD7060AD22D657A500EB7C64 /* Project object */;
}
